# This file is automatically @generated by Cargo.
# It is not intended for manual editing.
[[package]]
name = "arbitrary"
version = "1.0.0"
source = "registry+https://github.com/rust-lang/crates.io-index"

[[package]]
name = "base64"
version = "0.13.0"
source = "registry+https://github.com/rust-lang/crates.io-index"

[[package]]
name = "bitflags"
version = "1.2.1"
source = "registry+https://github.com/rust-lang/crates.io-index"

[[package]]
name = "cc"
version = "1.0.67"
source = "registry+https://github.com/rust-lang/crates.io-index"

[[package]]
name = "libfuzzer-sys"
version = "0.4.0"
source = "registry+https://github.com/rust-lang/crates.io-index"
dependencies = [
 "arbitrary 1.0.0 (registry+https://github.com/rust-lang/crates.io-index)",
 "cc 1.0.67 (registry+https://github.com/rust-lang/crates.io-index)",
]

[[package]]
name = "proc-macro2"
version = "1.0.24"
source = "registry+https://github.com/rust-lang/crates.io-index"
dependencies = [
 "unicode-xid 0.2.1 (registry+https://github.com/rust-lang/crates.io-index)",
]

[[package]]
name = "quote"
version = "1.0.9"
source = "registry+https://github.com/rust-lang/crates.io-index"
dependencies = [
 "proc-macro2 1.0.24 (registry+https://github.com/rust-lang/crates.io-index)",
]

[[package]]
name = "ron"
version = "0.6.0"
dependencies = [
 "base64 0.13.0 (registry+https://github.com/rust-lang/crates.io-index)",
 "bitflags 1.2.1 (registry+https://github.com/rust-lang/crates.io-index)",
 "serde 1.0.124 (registry+https://github.com/rust-lang/crates.io-index)",
]

[[package]]
name = "ron-fuzz"
version = "0.0.0"
dependencies = [
 "libfuzzer-sys 0.4.0 (registry+https://github.com/rust-lang/crates.io-index)",
 "ron 0.6.0",
]

[[package]]
name = "serde"
version = "1.0.124"
source = "registry+https://github.com/rust-lang/crates.io-index"
dependencies = [
 "serde_derive 1.0.124 (registry+https://github.com/rust-lang/crates.io-index)",
]

[[package]]
name = "serde_derive"
version = "1.0.124"
source = "registry+https://github.com/rust-lang/crates.io-index"
dependencies = [
 "proc-macro2 1.0.24 (registry+https://github.com/rust-lang/crates.io-index)",
 "quote 1.0.9 (registry+https://github.com/rust-lang/crates.io-index)",
 "syn 1.0.64 (registry+https://github.com/rust-lang/crates.io-index)",
]

[[package]]
name = "syn"
version = "1.0.64"
source = "registry+https://github.com/rust-lang/crates.io-index"
dependencies = [
 "proc-macro2 1.0.24 (registry+https://github.com/rust-lang/crates.io-index)",
 "quote 1.0.9 (registry+https://github.com/rust-lang/crates.io-index)",
 "unicode-xid 0.2.1 (registry+https://github.com/rust-lang/crates.io-index)",
]

[[package]]
name = "unicode-xid"
version = "0.2.1"
source = "registry+https://github.com/rust-lang/crates.io-index"

[metadata]
"checksum arbitrary 1.0.0 (registry+https://github.com/rust-lang/crates.io-index)" = "698b65a961a9d730fb45b6b0327e20207810c9f61ee421b082b27ba003f49e2b"
"checksum base64 0.13.0 (registry+https://github.com/rust-lang/crates.io-index)" = "904dfeac50f3cdaba28fc6f57fdcddb75f49ed61346676a78c4ffe55877802fd"
"checksum bitflags 1.2.1 (registry+https://github.com/rust-lang/crates.io-index)" = "cf1de2fe8c75bc145a2f577add951f8134889b4795d47466a54a5c846d691693"
"checksum cc 1.0.67 (registry+https://github.com/rust-lang/crates.io-index)" = "e3c69b077ad434294d3ce9f1f6143a2a4b89a8a2d54ef813d85003a4fd1137fd"
"checksum libfuzzer-sys 0.4.0 (registry+https://github.com/rust-lang/crates.io-index)" = "86c975d637bc2a2f99440932b731491fc34c7f785d239e38af3addd3c2fd0e46"
"checksum proc-macro2 1.0.24 (registry+https://github.com/rust-lang/crates.io-index)" = "1e0704ee1a7e00d7bb417d0770ea303c1bccbabf0ef1667dae92b5967f5f8a71"
"checksum quote 1.0.9 (registry+https://github.com/rust-lang/crates.io-index)" = "c3d0b9745dc2debf507c8422de05d7226cc1f0644216dfdfead988f9b1ab32a7"
"checksum serde 1.0.124 (registry+https://github.com/rust-lang/crates.io-index)" = "bd761ff957cb2a45fbb9ab3da6512de9de55872866160b23c25f1a841e99d29f"
"checksum serde_derive 1.0.124 (registry+https://github.com/rust-lang/crates.io-index)" = "1800f7693e94e186f5e25a28291ae1570da908aff7d97a095dec1e56ff99069b"
"checksum syn 1.0.64 (registry+https://github.com/rust-lang/crates.io-index)" = "3fd9d1e9976102a03c542daa2eff1b43f9d72306342f3f8b3ed5fb8908195d6f"
"checksum unicode-xid 0.2.1 (registry+https://github.com/rust-lang/crates.io-index)" = "f7fe0bb3479651439c9112f72b6c505038574c9fbb575ed1bf3b797fa39dd564"
